
Microsoft Visual Studio Solution File, Format Version 12.00
# Visual Studio Version 17
VisualStudioVersion = 17.11.35219.272
MinimumVisualStudioVersion = 10.0.40219.1
Project("{FAE04EC0-301F-11D3-BF4B-00C04F79EFBC}") = "RRHH", "RRHH\RRHH.csproj", "{4ABFA5AA-CDD8-4E66-A53F-BE7ACF13CF9A}"
EndProject
Global
	GlobalSection(SolutionConfigurationPlatforms) = preSolution
		Debug|Any CPU = Debug|Any CPU
		Release|Any CPU = Release|Any CPU
	EndGlobalSection
	GlobalSection(ProjectConfigurationPlatforms) = postSolution
		{4ABFA5AA-CDD8-4E66-A53F-BE7ACF13CF9A}.Debug|Any CPU.ActiveCfg = Debug|Any CPU
		{4ABFA5AA-CDD8-4E66-A53F-BE7ACF13CF9A}.Debug|Any CPU.Build.0 = Debug|Any CPU
		{4ABFA5AA-CDD8-4E66-A53F-BE7ACF13CF9A}.Release|Any CPU.ActiveCfg = Release|Any CPU
		{4ABFA5AA-CDD8-4E66-A53F-BE7ACF13CF9A}.Release|Any CPU.Build.0 = Release|Any CPU
	EndGlobalSection
	GlobalSection(SolutionProperties) = preSolution
		HideSolutionNode = FALSE
	EndGlobalSection
	GlobalSection(ExtensibilityGlobals) = postSolution
		SolutionGuid = {49DD53BC-C175-48DE-BD8F-464EC7D703EC}
	EndGlobalSection
EndGlobal
